// !$*UTF8*$!
{
	archiveVersion = 1;
	classes = {
	};
	objectVersion = 56;
	objects = {

/* Begin PBXBuildFile section */
		8D1350172A960D6A009960B0 /* Taskitem.swift in Sources */ = {isa = PBXBuildFile; fileRef = 8D1350162A960D6A009960B0 /* Taskitem.swift */; };
		8D52FD0A2A94FC3F000CD6E9 /* AppDelegate.swift in Sources */ = {isa = PBXBuildFile; fileRef = 8D52FD092A94FC3F000CD6E9 /* AppDelegate.swift */; };
		8D52FD0C2A94FC3F000CD6E9 /* SceneDelegate.swift in Sources */ = {isa = PBXBuildFile; fileRef = 8D52FD0B2A94FC3F000CD6E9 /* SceneDelegate.swift */; };
		8D52FD0E2A94FC3F000CD6E9 /* ViewController.swift in Sources */ = {isa = PBXBuildFile; fileRef = 8D52FD0D2A94FC3F000CD6E9 /* ViewController.swift */; };
		8D52FD112A94FC3F000CD6E9 /* Main.storyboard in Resources */ = {isa = PBXBuildFile; fileRef = 8D52FD0F2A94FC3F000CD6E9 /* Main.storyboard */; };
		8D52FD132A94FC40000CD6E9 /* Assets.xcassets in Resources */ = {isa = PBXBuildFile; fileRef = 8D52FD122A94FC40000CD6E9 /* Assets.xcassets */; };
		8D52FD162A94FC40000CD6E9 /* LaunchScreen.storyboard in Resources */ = {isa = PBXBuildFile; fileRef = 8D52FD142A94FC40000CD6E9 /* LaunchScreen.storyboard */; };
		8D52FD212A94FC40000CD6E9 /* _workTests.swift in Sources */ = {isa = PBXBuildFile; fileRef = 8D52FD202A94FC40000CD6E9 /* _workTests.swift */; };
		8D52FD2B2A94FC40000CD6E9 /* _workUITests.swift in Sources */ = {isa = PBXBuildFile; fileRef = 8D52FD2A2A94FC40000CD6E9 /* _workUITests.swift */; };
		8D52FD2D2A94FC40000CD6E9 /* _workUITestsLaunchTests.swift in Sources */ = {isa = PBXBuildFile; fileRef = 8D52FD2C2A94FC40000CD6E9 /* _workUITestsLaunchTests.swift */; };
		8D52FD3A2A94FEDF000CD6E9 /* TableViewController.swift in Sources */ = {isa = PBXBuildFile; fileRef = 8D52FD392A94FEDF000CD6E9 /* TableViewController.swift */; };
/* End PBXBuildFile section */

/* Begin PBXContainerItemProxy section */
		8D52FD1D2A94FC40000CD6E9 /* PBXContainerItemProxy */ = {
			isa = PBXContainerItemProxy;
			containerPortal = 8D52FCFE2A94FC3F000CD6E9 /* Project object */;
			proxyType = 1;
			remoteGlobalIDString = 8D52FD052A94FC3F000CD6E9;
			remoteInfo = 3work;
		};
		8D52FD272A94FC40000CD6E9 /* PBXContainerItemProxy */ = {
			isa = PBXContainerItemProxy;
			containerPortal = 8D52FCFE2A94FC3F000CD6E9 /* Project object */;
			proxyType = 1;
			remoteGlobalIDString = 8D52FD052A94FC3F000CD6E9;
			remoteInfo = 3work;
		};
/* End PBXContainerItemProxy section */

/* Begin PBXFileReference section */
		8D1350162A960D6A009960B0 /* Taskitem.swift */ = {isa = PBXFileReference; lastKnownFileType = sourcecode.swift; path = Taskitem.swift; sourceTree = "<group>"; };
		8D52FD062A94FC3F000CD6E9 /* 3work.app */ = {isa = PBXFileReference; explicitFileType = wrapper.application; includeInIndex = 0; path = 3work.app; sourceTree = BUILT_PRODUCTS_DIR; };
		8D52FD092A94FC3F000CD6E9 /* AppDelegate.swift */ = {isa = PBXFileReference; lastKnownFileType = sourcecode.swift; path = AppDelegate.swift; sourceTree = "<group>"; };
		8D52FD0B2A94FC3F000CD6E9 /* SceneDelegate.swift */ = {isa = PBXFileReference; lastKnownFileType = sourcecode.swift; path = SceneDelegate.swift; sourceTree = "<group>"; };
		8D52FD0D2A94FC3F000CD6E9 /* ViewController.swift */ = {isa = PBXFileReference; lastKnownFileType = sourcecode.swift; path = ViewController.swift; sourceTree = "<group>"; };
		8D52FD102A94FC3F000CD6E9 /* Base */ = {isa = PBXFileReference; lastKnownFileType = file.storyboard; name = Base; path = Base.lproj/Main.storyboard; sourceTree = "<group>"; };
		8D52FD122A94FC40000CD6E9 /* Assets.xcassets */ = {isa = PBXFileReference; lastKnownFileType = folder.assetcatalog; path = Assets.xcassets; sourceTree = "<group>"; };
		8D52FD152A94FC40000CD6E9 /* Base */ = {isa = PBXFileReference; lastKnownFileType = file.storyboard; name = Base; path = Base.lproj/LaunchScreen.storyboard; sourceTree = "<group>"; };
		8D52FD172A94FC40000CD6E9 /* Info.plist */ = {isa = PBXFileReference; lastKnownFileType = text.plist.xml; path = Info.plist; sourceTree = "<group>"; };
		8D52FD1C2A94FC40000CD6E9 /* 3workTests.xctest */ = {isa = PBXFileReference; explicitFileType = wrapper.cfbundle; includeInIndex = 0; path = 3workTests.xctest; sourceTree = BUILT_PRODUCTS_DIR; };
		8D52FD202A94FC40000CD6E9 /* _workTests.swift */ = {isa = PBXFileReference; lastKnownFileType = sourcecode.swift; path = _workTests.swift; sourceTree = "<group>"; };
		8D52FD262A94FC40000CD6E9 /* 3workUITests.xctest */ = {isa = PBXFileReference; explicitFileType = wrapper.cfbundle; includeInIndex = 0; path = 3workUITests.xctest; sourceTree = BUILT_PRODUCTS_DIR; };
		8D52FD2A2A94FC40000CD6E9 /* _workUITests.swift */ = {isa = PBXFileReference; lastKnownFileType = sourcecode.swift; path = _workUITests.swift; sourceTree = "<group>"; };
		8D52FD2C2A94FC40000CD6E9 /* _workUITestsLaunchTests.swift */ = {isa = PBXFileReference; lastKnownFileType = sourcecode.swift; path = _workUITestsLaunchTests.swift; sourceTree = "<group>"; };
		8D52FD392A94FEDF000CD6E9 /* TableViewController.swift */ = {isa = PBXFileReference; lastKnownFileType = sourcecode.swift; path = TableViewController.swift; sourceTree = "<group>"; };
/* End PBXFileReference section */

/* Begin PBXFrameworksBuildPhase section */
		8D52FD032A94FC3F000CD6E9 /* Frameworks */ = {
			isa = PBXFrameworksBuildPhase;
			buildActionMask = 2147483647;
			files = (
			);
			runOnlyForDeploymentPostprocessing = 0;
		};
		8D52FD192A94FC40000CD6E9 /* Frameworks */ = {
			isa = PBXFrameworksBuildPhase;
			buildActionMask = 2147483647;
			files = (
			);
			runOnlyForDeploymentPostprocessing = 0;
		};
		8D52FD232A94FC40000CD6E9 /* Frameworks */ = {
			isa = PBXFrameworksBuildPhase;
			buildActionMask = 2147483647;
			files = (
			);
			runOnlyForDeploymentPostprocessing = 0;
		};
/* End PBXFrameworksBuildPhase section */

/* Begin PBXGroup section */
		8D52FCFD2A94FC3F000CD6E9 = {
			isa = PBXGroup;
			children = (
				8D52FD082A94FC3F000CD6E9 /* 3work */,
				8D52FD1F2A94FC40000CD6E9 /* 3workTests */,
				8D52FD292A94FC40000CD6E9 /* 3workUITests */,
				8D52FD072A94FC3F000CD6E9 /* Products */,
			);
			sourceTree = "<group>";
		};
		8D52FD072A94FC3F000CD6E9 /* Products */ = {
			isa = PBXGroup;
			children = (
				8D52FD062A94FC3F000CD6E9 /* 3work.app */,
				8D52FD1C2A94FC40000CD6E9 /* 3workTests.xctest */,
				8D52FD262A94FC40000CD6E9 /* 3workUITests.xctest */,
			);
			name = Products;
			sourceTree = "<group>";
		};
		8D52FD082A94FC3F000CD6E9 /* 3work */ = {
			isa = PBXGroup;
			children = (
				8D52FD092A94FC3F000CD6E9 /* AppDelegate.swift */,
				8D52FD0B2A94FC3F000CD6E9 /* SceneDelegate.swift */,
				8D52FD0D2A94FC3F000CD6E9 /* ViewController.swift */,
				8D52FD392A94FEDF000CD6E9 /* TableViewController.swift */,
				8D1350162A960D6A009960B0 /* Taskitem.swift */,
				8D52FD0F2A94FC3F000CD6E9 /* Main.storyboard */,
				8D52FD122A94FC40000CD6E9 /* Assets.xcassets */,
				8D52FD142A94FC40000CD6E9 /* LaunchScreen.storyboard */,
				8D52FD172A94FC40000CD6E9 /* Info.plist */,
			);
			path = 3work;
			sourceTree = "<group>";
		};
		8D52FD1F2A94FC40000CD6E9 /* 3workTests */ = {
			isa = PBXGroup;
			children = (
				8D52FD202A94FC40000CD6E9 /* _workTests.swift */,
			);
			path = 3workTests;
			sourceTree = "<group>";
		};
		8D52FD292A94FC40000CD6E9 /* 3workUITests */ = {
			isa = PBXGroup;
			children = (
				8D52FD2A2A94FC40000CD6E9 /* _workUITests.swift */,
				8D52FD2C2A94FC40000CD6E9 /* _workUITestsLaunchTests.swift */,
			);
			path = 3workUITests;
			sourceTree = "<group>";
		};
/* End PBXGroup section */

/* Begin PBXNativeTarget section */
		8D52FD052A94FC3F000CD6E9 /* 3work */ = {
			isa = PBXNativeTarget;
			buildConfigurationList = 8D52FD302A94FC40000CD6E9 /* Build configuration list for PBXNativeTarget "3work" */;
			buildPhases = (
				8D52FD022A94FC3F000CD6E9 /* Sources */,
				8D52FD032A94FC3F000CD6E9 /* Frameworks */,
				8D52FD042A94FC3F000CD6E9 /* Resources */,
			);
			buildRules = (
			);
			dependencies = (
			);
			name = 3work;
			productName = 3work;
			productReference = 8D52FD062A94FC3F000CD6E9 /* 3work.app */;
			productType = "com.apple.product-type.application";
		};
		8D52FD1B2A94FC40000CD6E9 /* 3workTests */ = {
			isa = PBXNativeTarget;
			buildConfigurationList = 8D52FD332A94FC40000CD6E9 /* Build configuration list for PBXNativeTarget "3workTests" */;
			buildPhases = (
				8D52FD182A94FC40000CD6E9 /* Sources */,
				8D52FD192A94FC40000CD6E9 /* Frameworks */,
				8D52FD1A2A94FC40000CD6E9 /* Resources */,
			);
			buildRules = (
			);
			dependencies = (
				8D52FD1E2A94FC40000CD6E9 /* PBXTargetDependency */,
			);
			name = 3workTests;
			productName = 3workTests;
			productReference = 8D52FD1C2A94FC40000CD6E9 /* 3workTests.xctest */;
			productType = "com.apple.product-type.bundle.unit-test";
		};
		8D52FD252A94FC40000CD6E9 /* 3workUITests */ = {
			isa = PBXNativeTarget;
			buildConfigurationList = 8D52FD362A94FC40000CD6E9 /* Build configuration list for PBXNativeTarget "3workUITests" */;
			buildPhases = (
				8D52FD222A94FC40000CD6E9 /* Sources */,
				8D52FD232A94FC40000CD6E9 /* Frameworks */,
				8D52FD242A94FC40000CD6E9 /* Resources */,
			);
			buildRules = (
			);
			dependencies = (
				8D52FD282A94FC40000CD6E9 /* PBXTargetDependency */,
			);
			name = 3workUITests;
			productName = 3workUITests;
			productReference = 8D52FD262A94FC40000CD6E9 /* 3workUITests.xctest */;
			productType = "com.apple.product-type.bundle.ui-testing";
		};
/* End PBXNativeTarget section */

/* Begin PBXProject section */
		8D52FCFE2A94FC3F000CD6E9 /* Project object */ = {
			isa = PBXProject;
			attributes = {
				BuildIndependentTargetsInParallel = 1;
				LastSwiftUpdateCheck = 1430;
				LastUpgradeCheck = 1430;
				TargetAttributes = {
					8D52FD052A94FC3F000CD6E9 = {
						CreatedOnToolsVersion = 14.3.1;
					};
					8D52FD1B2A94FC40000CD6E9 = {
						CreatedOnToolsVersion = 14.3.1;
						TestTargetID = 8D52FD052A94FC3F000CD6E9;
					};
					8D52FD252A94FC40000CD6E9 = {
						CreatedOnToolsVersion = 14.3.1;
						TestTargetID = 8D52FD052A94FC3F000CD6E9;
					};
				};
			};
			buildConfigurationList = 8D52FD012A94FC3F000CD6E9 /* Build configuration list for PBXProject "3work" */;
			compatibilityVersion = "Xcode 14.0";
			developmentRegion = en;
			hasScannedForEncodings = 0;
			knownRegions = (
				en,
				Base,
			);
			mainGroup = 8D52FCFD2A94FC3F000CD6E9;
			productRefGroup = 8D52FD072A94FC3F000CD6E9 /* Products */;
			projectDirPath = "";
			projectRoot = "";
			targets = (
				8D52FD052A94FC3F000CD6E9 /* 3work */,
				8D52FD1B2A94FC40000CD6E9 /* 3workTests */,
				8D52FD252A94FC40000CD6E9 /* 3workUITests */,
			);
		};
/* End PBXProject section */

/* Begin PBXResourcesBuildPhase section */
		8D52FD042A94FC3F000CD6E9 /* Resources */ = {
			isa = PBXResourcesBuildPhase;
			buildActionMask = 2147483647;
			files = (
				8D52FD162A94FC40000CD6E9 /* LaunchScreen.storyboard in Resources */,
				8D52FD132A94FC40000CD6E9 /* Assets.xcassets in Resources */,
				8D52FD112A94FC3F000CD6E9 /* Main.storyboard in Resources */,
			);
			runOnlyForDeploymentPostprocessing = 0;
		};
		8D52FD1A2A94FC40000CD6E9 /* Resources */ = {
			isa = PBXResourcesBuildPhase;
			buildActionMask = 2147483647;
			files = (
			);
			runOnlyForDeploymentPostprocessing = 0;
		};
		8D52FD242A94FC40000CD6E9 /* Resources */ = {
			isa = PBXResourcesBuildPhase;
			buildActionMask = 2147483647;
			files = (
			);
			runOnlyForDeploymentPostprocessing = 0;
		};
/* End PBXResourcesBuildPhase section */

/* Begin PBXSourcesBuildPhase section */
		8D52FD022A94FC3F000CD6E9 /* Sources */ = {
			isa = PBXSourcesBuildPhase;
			buildActionMask = 2147483647;
			files = (
				8D52FD0E2A94FC3F000CD6E9 /* ViewController.swift in Sources */,
				8D52FD0A2A94FC3F000CD6E9 /* AppDelegate.swift in Sources */,
				8D1350172A960D6A009960B0 /* Taskitem.swift in Sources */,
				8D52FD0C2A94FC3F000CD6E9 /* SceneDelegate.swift in Sources */,
				8D52FD3A2A94FEDF000CD6E9 /* TableViewController.swift in Sources */,
			);
			runOnlyForDeploymentPostprocessing = 0;
		};
		8D52FD182A94FC40000CD6E9 /* Sources */ = {
			isa = PBXSourcesBuildPhase;
			buildActionMask = 2147483647;
			files = (
				8D52FD212A94FC40000CD6E9 /* _workTests.swift in Sources */,
			);
			runOnlyForDeploymentPostprocessing = 0;
		};
		8D52FD222A94FC40000CD6E9 /* Sources */ = {
			isa = PBXSourcesBuildPhase;
			buildActionMask = 2147483647;
			files = (
				8D52FD2B2A94FC40000CD6E9 /* _workUITests.swift in Sources */,
				8D52FD2D2A94FC40000CD6E9 /* _workUITestsLaunchTests.swift in Sources */,
			);
			runOnlyForDeploymentPostprocessing = 0;
		};
/* End PBXSourcesBuildPhase section */

/* Begin PBXTargetDependency section */
		8D52FD1E2A94FC40000CD6E9 /* PBXTargetDependency */ = {
			isa = PBXTargetDependency;
			target = 8D52FD052A94FC3F000CD6E9 /* 3work */;
			targetProxy = 8D52FD1D2A94FC40000CD6E9 /* PBXContainerItemProxy */;
		};
		8D52FD282A94FC40000CD6E9 /* PBXTargetDependency */ = {
			isa = PBXTargetDependency;
			target = 8D52FD052A94FC3F000CD6E9 /* 3work */;
			targetProxy = 8D52FD272A94FC40000CD6E9 /* PBXContainerItemProxy */;
		};
/* End PBXTargetDependency section */

/* Begin PBXVariantGroup section */
		8D52FD0F2A94FC3F000CD6E9 /* Main.storyboard */ = {
			isa = PBXVariantGroup;
			children = (
				8D52FD102A94FC3F000CD6E9 /* Base */,
			);
			name = Main.storyboard;
			sourceTree = "<group>";
		};
		8D52FD142A94FC40000CD6E9 /* LaunchScreen.storyboard */ = {
			isa = PBXVariantGroup;
			children = (
				8D52FD152A94FC40000CD6E9 /* Base */,
			);
			name = LaunchScreen.storyboard;
			sourceTree = "<group>";
		};
/* End PBXVariantGroup section */

/* Begin XCBuildConfiguration section */
		8D52FD2E2A94FC40000CD6E9 /* Debug */ = {
			isa = XCBuildConfiguration;
			buildSettings = {
				ALWAYS_SEARCH_USER_PATHS = NO;
				CLANG_ANALYZER_NONNULL = YES;
				CLANG_ANALYZER_NUMBER_OBJECT_CONVERSION = YES_AGGRESSIVE;
				CLANG_CXX_LANGUAGE_STANDARD = "gnu++20";
				CLANG_ENABLE_MODULES = YES;
				CLANG_ENABLE_OBJC_ARC = YES;
				CLANG_ENABLE_OBJC_WEAK = YES;
				CLANG_WARN_BLOCK_CAPTURE_AUTORELEASING = YES;
				CLANG_WARN_BOOL_CONVERSION = YES;
				CLANG_WARN_COMMA = YES;
				CLANG_WARN_CONSTANT_CONVERSION = YES;
				CLANG_WARN_DEPRECATED_OBJC_IMPLEMENTATIONS = YES;
				CLANG_WARN_DIRECT_OBJC_ISA_USAGE = YES_ERROR;
				CLANG_WARN_DOCUMENTATION_COMMENTS = YES;
				CLANG_WARN_EMPTY_BODY = YES;
				CLANG_WARN_ENUM_CONVERSION = YES;
				CLANG_WARN_INFINITE_RECURSION = YES;
				CLANG_WARN_INT_CONVERSION = YES;
				CLANG_WARN_NON_LITERAL_NULL_CONVERSION = YES;
				CLANG_WARN_OBJC_IMPLICIT_RETAIN_SELF = YES;
				CLANG_WARN_OBJC_LITERAL_CONVERSION = YES;
				CLANG_WARN_OBJC_ROOT_CLASS = YES_ERROR;
				CLANG_WARN_QUOTED_INCLUDE_IN_FRAMEWORK_HEADER = YES;
				CLANG_WARN_RANGE_LOOP_ANALYSIS = YES;
				CLANG_WARN_STRICT_PROTOTYPES = YES;
				CLANG_WARN_SUSPICIOUS_MOVE = YES;
				CLANG_WARN_UNGUARDED_AVAILABILITY = YES_AGGRESSIVE;
				CLANG_WARN_UNREACHABLE_CODE = YES;
				CLANG_WARN__DUPLICATE_METHOD_MATCH = YES;
				COPY_PHASE_STRIP = NO;
				DEBUG_INFORMATION_FORMAT = dwarf;
				ENABLE_STRICT_OBJC_MSGSEND = YES;
				ENABLE_TESTABILITY = YES;
				GCC_C_LANGUAGE_STANDARD = gnu11;
				GCC_DYNAMIC_NO_PIC = NO;
				GCC_NO_COMMON_BLOCKS = YES;
				GCC_OPTIMIZATION_LEVEL = 0;
				GCC_PREPROCESSOR_DEFINITIONS = (
					"DEBUG=1",
					"$(inherited)",
				);
				GCC_WARN_64_TO_32_BIT_CONVERSION = YES;
				GCC_WARN_ABOUT_RETURN_TYPE = YES_ERROR;
				GCC_WARN_UNDECLARED_SELECTOR = YES;
				GCC_WARN_UNINITIALIZED_AUTOS = YES_AGGRESSIVE;
				GCC_WARN_UNUSED_FUNCTION = YES;
				GCC_WARN_UNUSED_VARIABLE = YES;
				IPHONEOS_DEPLOYMENT_TARGET = 16.4;
				MTL_ENABLE_DEBUG_INFO = INCLUDE_SOURCE;
				MTL_FAST_MATH = YES;
				ONLY_ACTIVE_ARCH = YES;
				SDKROOT = iphoneos;
				SWIFT_ACTIVE_COMPILATION_CONDITIONS = DEBUG;
				SWIFT_OPTIMIZATION_LEVEL = "-Onone";
			};
			name = Debug;
		};
		8D52FD2F2A94FC40000CD6E9 /* Release */ = {
			isa = XCBuildConfiguration;
			buildSettings = {
				ALWAYS_SEARCH_USER_PATHS = NO;
				CLANG_ANALYZER_NONNULL = YES;
				CLANG_ANALYZER_NUMBER_OBJECT_CONVERSION = YES_AGGRESSIVE;
				CLANG_CXX_LANGUAGE_STANDARD = "gnu++20";
				CLANG_ENABLE_MODULES = YES;
				CLANG_ENABLE_OBJC_ARC = YES;
				CLANG_ENABLE_OBJC_WEAK = YES;
				CLANG_WARN_BLOCK_CAPTURE_AUTORELEASING = YES;
				CLANG_WARN_BOOL_CONVERSION = YES;
				CLANG_WARN_COMMA = YES;
				CLANG_WARN_CONSTANT_CONVERSION = YES;
				CLANG_WARN_DEPRECATED_OBJC_IMPLEMENTATIONS = YES;
				CLANG_WARN_DIRECT_OBJC_ISA_USAGE = YES_ERROR;
				CLANG_WARN_DOCUMENTATION_COMMENTS = YES;
				CLANG_WARN_EMPTY_BODY = YES;
				CLANG_WARN_ENUM_CONVERSION = YES;
				CLANG_WARN_INFINITE_RECURSION = YES;
				CLANG_WARN_INT_CONVERSION = YES;
				CLANG_WARN_NON_LITERAL_NULL_CONVERSION = YES;
				CLANG_WARN_OBJC_IMPLICIT_RETAIN_SELF = YES;
				CLANG_WARN_OBJC_LITERAL_CONVERSION = YES;
				CLANG_WARN_OBJC_ROOT_CLASS = YES_ERROR;
				CLANG_WARN_QUOTED_INCLUDE_IN_FRAMEWORK_HEADER = YES;
				CLANG_WARN_RANGE_LOOP_ANALYSIS = YES;
				CLANG_WARN_STRICT_PROTOTYPES = YES;
				CLANG_WARN_SUSPICIOUS_MOVE = YES;
				CLANG_WARN_UNGUARDED_AVAILABILITY = YES_AGGRESSIVE;
				CLANG_WARN_UNREACHABLE_CODE = YES;
				CLANG_WARN__DUPLICATE_METHOD_MATCH = YES;
				COPY_PHASE_STRIP = NO;
				DEBUG_INFORMATION_FORMAT = "dwarf-with-dsym";
				ENABLE_NS_ASSERTIONS = NO;
				ENABLE_STRICT_OBJC_MSGSEND = YES;
				GCC_C_LANGUAGE_STANDARD = gnu11;
				GCC_NO_COMMON_BLOCKS = YES;
				GCC_WARN_64_TO_32_BIT_CONVERSION = YES;
				GCC_WARN_ABOUT_RETURN_TYPE = YES_ERROR;
				GCC_WARN_UNDECLARED_SELECTOR = YES;
				GCC_WARN_UNINITIALIZED_AUTOS = YES_AGGRESSIVE;
				GCC_WARN_UNUSED_FUNCTION = YES;
				GCC_WARN_UNUSED_VARIABLE = YES;
				IPHONEOS_DEPLOYMENT_TARGET = 16.4;
				MTL_ENABLE_DEBUG_INFO = NO;
				MTL_FAST_MATH = YES;
				SDKROOT = iphoneos;
				SWIFT_COMPILATION_MODE = wholemodule;
				SWIFT_OPTIMIZATION_LEVEL = "-O";
				VALIDATE_PRODUCT = YES;
			};
			name = Release;
		};
		8D52FD312A94FC40000CD6E9 /* Debug */ = {
			isa = XCBuildConfiguration;
			buildSettings = {
				ASSETCATALOG_COMPILER_APPICON_NAME = AppIcon;
				ASSETCATALOG_COMPILER_GLOBAL_ACCENT_COLOR_NAME = AccentColor;
				CODE_SIGN_STYLE = Automatic;
				CURRENT_PROJECT_VERSION = 1;
				GENERATE_INFOPLIST_FILE = YES;
				INFOPLIST_FILE = 3work/Info.plist;
				INFOPLIST_KEY_UIApplicationSupportsIndirectInputEvents = YES;
				INFOPLIST_KEY_UILaunchStoryboardName = LaunchScreen;
				INFOPLIST_KEY_UIMainStoryboardFile = Main;
				INFOPLIST_KEY_UISupportedInterfaceOrientations_iPad = "UIInterfaceOrientationPortrait UIInterfaceOrientationPortraitUpsideDown UIInterfaceOrientationLandscapeLeft UIInterfaceOrientationLandscapeRight";
				INFOPLIST_KEY_UISupportedInterfaceOrientations_iPhone = "UIInterfaceOrientationPortrait UIInterfaceOrientationLandscapeLeft UIInterfaceOrientationLandscapeRight";
				LD_RUNPATH_SEARCH_PATHS = (
					"$(inherited)",
					"@executable_path/Frameworks",
				);
				MARKETING_VERSION = 1.0;
				PRODUCT_BUNDLE_IDENTIFIER = "bolatov.-work";
				PRODUCT_NAME = "$(TARGET_NAME)";
				SWIFT_EMIT_LOC_STRINGS = YES;
				SWIFT_VERSION = 5.0;
				TARGETED_DEVICE_FAMILY = "1,2";
			};
			name = Debug;
		};
		8D52FD322A94FC40000CD6E9 /* Release */ = {
			isa = XCBuildConfiguration;
			buildSettings = {
				ASSETCATALOG_COMPILER_APPICON_NAME = AppIcon;
				ASSETCATALOG_COMPILER_GLOBAL_ACCENT_COLOR_NAME = AccentColor;
				CODE_SIGN_STYLE = Automatic;
				CURRENT_PROJECT_VERSION = 1;
				GENERATE_INFOPLIST_FILE = YES;
				INFOPLIST_FILE = 3work/Info.plist;
				INFOPLIST_KEY_UIApplicationSupportsIndirectInputEvents = YES;
				INFOPLIST_KEY_UILaunchStoryboardName = LaunchScreen;
				INFOPLIST_KEY_UIMainStoryboardFile = Main;
				INFOPLIST_KEY_UISupportedInterfaceOrientations_iPad = "UIInterfaceOrientationPortrait UIInterfaceOrientationPortraitUpsideDown UIInterfaceOrientationLandscapeLeft UIInterfaceOrientationLandscapeRight";
				INFOPLIST_KEY_UISupportedInterfaceOrientations_iPhone = "UIInterfaceOrientationPortrait UIInterfaceOrientationLandscapeLeft UIInterfaceOrientationLandscapeRight";
				LD_RUNPATH_SEARCH_PATHS = (
					"$(inherited)",
					"@executable_path/Frameworks",
				);
				MARKETING_VERSION = 1.0;
				PRODUCT_BUNDLE_IDENTIFIER = "bolatov.-work";
				PRODUCT_NAME = "$(TARGET_NAME)";
				SWIFT_EMIT_LOC_STRINGS = YES;
				SWIFT_VERSION = 5.0;
				TARGETED_DEVICE_FAMILY = "1,2";
			};
			name = Release;
		};
		8D52FD342A94FC40000CD6E9 /* Debug */ = {
			isa = XCBuildConfiguration;
			buildSettings = {
				ALWAYS_EMBED_SWIFT_STANDARD_LIBRARIES = YES;
				BUNDLE_LOADER = "$(TEST_HOST)";
				CODE_SIGN_STYLE = Automatic;
				CURRENT_PROJECT_VERSION = 1;
				GENERATE_INFOPLIST_FILE = YES;
				IPHONEOS_DEPLOYMENT_TARGET = 16.4;
				MARKETING_VERSION = 1.0;
				PRODUCT_BUNDLE_IDENTIFIER = "bolatov.-workTests";
				PRODUCT_NAME = "$(TARGET_NAME)";
				SWIFT_EMIT_LOC_STRINGS = NO;
				SWIFT_VERSION = 5.0;
				TARGETED_DEVICE_FAMILY = "1,2";
				TEST_HOST = "$(BUILT_PRODUCTS_DIR)/3work.app/$(BUNDLE_EXECUTABLE_FOLDER_PATH)/3work";
			};
			name = Debug;
		};
		8D52FD352A94FC40000CD6E9 /* Release */ = {
			isa = XCBuildConfiguration;
			buildSettings = {
				ALWAYS_EMBED_SWIFT_STANDARD_LIBRARIES = YES;
				BUNDLE_LOADER = "$(TEST_HOST)";
				CODE_SIGN_STYLE = Automatic;
				CURRENT_PROJECT_VERSION = 1;
				GENERATE_INFOPLIST_FILE = YES;
				IPHONEOS_DEPLOYMENT_TARGET = 16.4;
				MARKETING_VERSION = 1.0;
				PRODUCT_BUNDLE_IDENTIFIER = "bolatov.-workTests";
				PRODUCT_NAME = "$(TARGET_NAME)";
				SWIFT_EMIT_LOC_STRINGS = NO;
				SWIFT_VERSION = 5.0;
				TARGETED_DEVICE_FAMILY = "1,2";
				TEST_HOST = "$(BUILT_PRODUCTS_DIR)/3work.app/$(BUNDLE_EXECUTABLE_FOLDER_PATH)/3work";
			};
			name = Release;
		};
		8D52FD372A94FC40000CD6E9 /* Debug */ = {
			isa = XCBuildConfiguration;
			buildSettings = {
				ALWAYS_EMBED_SWIFT_STANDARD_LIBRARIES = YES;
				CODE_SIGN_STYLE = Automatic;
				CURRENT_PROJECT_VERSION = 1;
				GENERATE_INFOPLIST_FILE = YES;
				MARKETING_VERSION = 1.0;
				PRODUCT_BUNDLE_IDENTIFIER = "bolatov.-workUITests";
				PRODUCT_NAME = "$(TARGET_NAME)";
				SWIFT_EMIT_LOC_STRINGS = NO;
				SWIFT_VERSION = 5.0;
				TARGETED_DEVICE_FAMILY = "1,2";
				TEST_TARGET_NAME = 3work;
			};
			name = Debug;
		};
		8D52FD382A94FC40000CD6E9 /* Release */ = {
			isa = XCBuildConfiguration;
			buildSettings = {
				ALWAYS_EMBED_SWIFT_STANDARD_LIBRARIES = YES;
				CODE_SIGN_STYLE = Automatic;
				CURRENT_PROJECT_VERSION = 1;
				GENERATE_INFOPLIST_FILE = YES;
				MARKETING_VERSION = 1.0;
				PRODUCT_BUNDLE_IDENTIFIER = "bolatov.-workUITests";
				PRODUCT_NAME = "$(TARGET_NAME)";
				SWIFT_EMIT_LOC_STRINGS = NO;
				SWIFT_VERSION = 5.0;
				TARGETED_DEVICE_FAMILY = "1,2";
				TEST_TARGET_NAME = 3work;
			};
			name = Release;
		};
/* End XCBuildConfiguration section */

/* Begin XCConfigurationList section */
		8D52FD012A94FC3F000CD6E9 /* Build configuration list for PBXProject "3work" */ = {
			isa = XCConfigurationList;
			buildConfigurations = (
				8D52FD2E2A94FC40000CD6E9 /* Debug */,
				8D52FD2F2A94FC40000CD6E9 /* Release */,
			);
			defaultConfigurationIsVisible = 0;
			defaultConfigurationName = Release;
		};
		8D52FD302A94FC40000CD6E9 /* Build configuration list for PBXNativeTarget "3work" */ = {
			isa = XCConfigurationList;
			buildConfigurations = (
				8D52FD312A94FC40000CD6E9 /* Debug */,
				8D52FD322A94FC40000CD6E9 /* Release */,
			);
			defaultConfigurationIsVisible = 0;
			defaultConfigurationName = Release;
		};
		8D52FD332A94FC40000CD6E9 /* Build configuration list for PBXNativeTarget "3workTests" */ = {
			isa = XCConfigurationList;
			buildConfigurations = (
				8D52FD342A94FC40000CD6E9 /* Debug */,
				8D52FD352A94FC40000CD6E9 /* Release */,
			);
			defaultConfigurationIsVisible = 0;
			defaultConfigurationName = Release;
		};
		8D52FD362A94FC40000CD6E9 /* Build configuration list for PBXNativeTarget "3workUITests" */ = {
			isa = XCConfigurationList;
			buildConfigurations = (
				8D52FD372A94FC40000CD6E9 /* Debug */,
				8D52FD382A94FC40000CD6E9 /* Release */,
			);
			defaultConfigurationIsVisible = 0;
			defaultConfigurationName = Release;
		};
/* End XCConfigurationList section */
	};
	rootObject = 8D52FCFE2A94FC3F000CD6E9 /* Project object */;
}
